
Microsoft Visual Studio Solution File, Format Version 12.00
# Visual Studio Version 17
VisualStudioVersion = 17.0.31903.59
MinimumVisualStudioVersion = 10.0.40219.1
Project("{2150E333-8FDC-42A3-9474-1A3956D46DE8}") = "src", "src", "{827E0CD3-B72D-47B6-A68D-7590B98EB39B}"
EndProject
Project("{FAE04EC0-301F-11D3-BF4B-00C04F79EFBC}") = "ZTR.Models", "src\ZTR.Models\ZTR.Models.csproj", "{9C950904-D47A-491B-8E9D-9C60193A764E}"
EndProject
Project("{FAE04EC0-301F-11D3-BF4B-00C04F79EFBC}") = "ZTR.Common", "src\ZTR.Common\ZTR.Common.csproj", "{D091C8F3-2CE1-4829-B168-D4DB6DB073DB}"
EndProject
Project("{FAE04EC0-301F-11D3-BF4B-00C04F79EFBC}") = "ZTR.HAL", "src\ZTR.HAL\ZTR.HAL.csproj", "{A24CFAC2-0539-4017-9516-C99F60BED6BB}"
EndProject
Project("{FAE04EC0-301F-11D3-BF4B-00C04F79EFBC}") = "ZTR.Intelligence", "src\ZTR.Intelligence\ZTR.Intelligence.csproj", "{DC62FAB7-D0C0-4393-BBAB-A59416FBC344}"
EndProject
Project("{FAE04EC0-301F-11D3-BF4B-00C04F79EFBC}") = "ZTR.Api", "src\ZTR.Api\ZTR.Api.csproj", "{26608FBF-8AD8-4A4B-83C7-B4F566F317A5}"
EndProject
Project("{FAE04EC0-301F-11D3-BF4B-00C04F79EFBC}") = "ZTR.Service", "src\ZTR.Service\ZTR.Service.csproj", "{B8E3F2A1-4D5C-4E6F-8A9B-1C2D3E4F5A6B}"
EndProject
Project("{FAE04EC0-301F-11D3-BF4B-00C04F79EFBC}") = "ZTR.HAL.Tests", "tests\ZTR.HAL.Tests\ZTR.HAL.Tests.csproj", "{D4142D6C-39EB-4F30-9EF3-C08B4A77D082}"
EndProject
Project("{FAE04EC0-301F-11D3-BF4B-00C04F79EFBC}") = "ZTR.Intelligence.Tests", "tests\ZTR.Intelligence.Tests\ZTR.Intelligence.Tests.csproj", "{7EFEEA8E-A7A3-4C41-89C9-E9DD90C6962C}"
EndProject
Project("{FAE04EC0-301F-11D3-BF4B-00C04F79EFBC}") = "ZTR.Api.Tests", "tests\ZTR.Api.Tests\ZTR.Api.Tests.csproj", "{F7777134-0F9C-41B8-8BFF-9B496ADAA430}"
EndProject
Project("{FAE04EC0-301F-11D3-BF4B-00C04F79EFBC}") = "ZTR.Desktop", "src\ZTR.Desktop\ZTR.Desktop.csproj", "{76960B2F-E7F1-40E3-B03A-29D7FF35412D}"
EndProject
Global
	GlobalSection(SolutionConfigurationPlatforms) = preSolution
		Debug|Any CPU = Debug|Any CPU
		Debug|x64 = Debug|x64
		Debug|x86 = Debug|x86
		Release|Any CPU = Release|Any CPU
		Release|x64 = Release|x64
		Release|x86 = Release|x86
	EndGlobalSection
	GlobalSection(ProjectConfigurationPlatforms) = postSolution
		{9C950904-D47A-491B-8E9D-9C60193A764E}.Debug|Any CPU.ActiveCfg = Debug|Any CPU
		{9C950904-D47A-491B-8E9D-9C60193A764E}.Debug|Any CPU.Build.0 = Debug|Any CPU
		{9C950904-D47A-491B-8E9D-9C60193A764E}.Debug|x64.ActiveCfg = Debug|Any CPU
		{9C950904-D47A-491B-8E9D-9C60193A764E}.Debug|x64.Build.0 = Debug|Any CPU
		{9C950904-D47A-491B-8E9D-9C60193A764E}.Debug|x86.ActiveCfg = Debug|Any CPU
		{9C950904-D47A-491B-8E9D-9C60193A764E}.Debug|x86.Build.0 = Debug|Any CPU
		{9C950904-D47A-491B-8E9D-9C60193A764E}.Release|Any CPU.ActiveCfg = Release|Any CPU
		{9C950904-D47A-491B-8E9D-9C60193A764E}.Release|Any CPU.Build.0 = Release|Any CPU
		{9C950904-D47A-491B-8E9D-9C60193A764E}.Release|x64.ActiveCfg = Release|Any CPU
		{9C950904-D47A-491B-8E9D-9C60193A764E}.Release|x64.Build.0 = Release|Any CPU
		{9C950904-D47A-491B-8E9D-9C60193A764E}.Release|x86.ActiveCfg = Release|Any CPU
		{9C950904-D47A-491B-8E9D-9C60193A764E}.Release|x86.Build.0 = Release|Any CPU
		{D091C8F3-2CE1-4829-B168-D4DB6DB073DB}.Debug|Any CPU.ActiveCfg = Debug|Any CPU
		{D091C8F3-2CE1-4829-B168-D4DB6DB073DB}.Debug|Any CPU.Build.0 = Debug|Any CPU
		{D091C8F3-2CE1-4829-B168-D4DB6DB073DB}.Debug|x64.ActiveCfg = Debug|Any CPU
		{D091C8F3-2CE1-4829-B168-D4DB6DB073DB}.Debug|x64.Build.0 = Debug|Any CPU
		{D091C8F3-2CE1-4829-B168-D4DB6DB073DB}.Debug|x86.ActiveCfg = Debug|Any CPU
		{D091C8F3-2CE1-4829-B168-D4DB6DB073DB}.Debug|x86.Build.0 = Debug|Any CPU
		{D091C8F3-2CE1-4829-B168-D4DB6DB073DB}.Release|Any CPU.ActiveCfg = Release|Any CPU
		{D091C8F3-2CE1-4829-B168-D4DB6DB073DB}.Release|Any CPU.Build.0 = Release|Any CPU
		{D091C8F3-2CE1-4829-B168-D4DB6DB073DB}.Release|x64.ActiveCfg = Release|Any CPU
		{D091C8F3-2CE1-4829-B168-D4DB6DB073DB}.Release|x64.Build.0 = Release|Any CPU
		{D091C8F3-2CE1-4829-B168-D4DB6DB073DB}.Release|x86.ActiveCfg = Release|Any CPU
		{D091C8F3-2CE1-4829-B168-D4DB6DB073DB}.Release|x86.Build.0 = Release|Any CPU
		{A24CFAC2-0539-4017-9516-C99F60BED6BB}.Debug|Any CPU.ActiveCfg = Debug|Any CPU
		{A24CFAC2-0539-4017-9516-C99F60BED6BB}.Debug|Any CPU.Build.0 = Debug|Any CPU
		{A24CFAC2-0539-4017-9516-C99F60BED6BB}.Debug|x64.ActiveCfg = Debug|Any CPU
		{A24CFAC2-0539-4017-9516-C99F60BED6BB}.Debug|x64.Build.0 = Debug|Any CPU
		{A24CFAC2-0539-4017-9516-C99F60BED6BB}.Debug|x86.ActiveCfg = Debug|Any CPU
		{A24CFAC2-0539-4017-9516-C99F60BED6BB}.Debug|x86.Build.0 = Debug|Any CPU
		{A24CFAC2-0539-4017-9516-C99F60BED6BB}.Release|Any CPU.ActiveCfg = Release|Any CPU
		{A24CFAC2-0539-4017-9516-C99F60BED6BB}.Release|Any CPU.Build.0 = Release|Any CPU
		{A24CFAC2-0539-4017-9516-C99F60BED6BB}.Release|x64.ActiveCfg = Release|Any CPU
		{A24CFAC2-0539-4017-9516-C99F60BED6BB}.Release|x64.Build.0 = Release|Any CPU
		{A24CFAC2-0539-4017-9516-C99F60BED6BB}.Release|x86.ActiveCfg = Release|Any CPU
		{A24CFAC2-0539-4017-9516-C99F60BED6BB}.Release|x86.Build.0 = Release|Any CPU
		{DC62FAB7-D0C0-4393-BBAB-A59416FBC344}.Debug|Any CPU.ActiveCfg = Debug|Any CPU
		{DC62FAB7-D0C0-4393-BBAB-A59416FBC344}.Debug|Any CPU.Build.0 = Debug|Any CPU
		{DC62FAB7-D0C0-4393-BBAB-A59416FBC344}.Debug|x64.ActiveCfg = Debug|Any CPU
		{DC62FAB7-D0C0-4393-BBAB-A59416FBC344}.Debug|x64.Build.0 = Debug|Any CPU
		{DC62FAB7-D0C0-4393-BBAB-A59416FBC344}.Debug|x86.ActiveCfg = Debug|Any CPU
		{DC62FAB7-D0C0-4393-BBAB-A59416FBC344}.Debug|x86.Build.0 = Debug|Any CPU
		{DC62FAB7-D0C0-4393-BBAB-A59416FBC344}.Release|Any CPU.ActiveCfg = Release|Any CPU
		{DC62FAB7-D0C0-4393-BBAB-A59416FBC344}.Release|Any CPU.Build.0 = Release|Any CPU
		{DC62FAB7-D0C0-4393-BBAB-A59416FBC344}.Release|x64.ActiveCfg = Release|Any CPU
		{DC62FAB7-D0C0-4393-BBAB-A59416FBC344}.Release|x64.Build.0 = Release|Any CPU
		{DC62FAB7-D0C0-4393-BBAB-A59416FBC344}.Release|x86.ActiveCfg = Release|Any CPU
		{DC62FAB7-D0C0-4393-BBAB-A59416FBC344}.Release|x86.Build.0 = Release|Any CPU
		{26608FBF-8AD8-4A4B-83C7-B4F566F317A5}.Debug|Any CPU.ActiveCfg = Debug|Any CPU
		{26608FBF-8AD8-4A4B-83C7-B4F566F317A5}.Debug|Any CPU.Build.0 = Debug|Any CPU
		{26608FBF-8AD8-4A4B-83C7-B4F566F317A5}.Debug|x64.ActiveCfg = Debug|Any CPU
		{26608FBF-8AD8-4A4B-83C7-B4F566F317A5}.Debug|x64.Build.0 = Debug|Any CPU
		{26608FBF-8AD8-4A4B-83C7-B4F566F317A5}.Debug|x86.ActiveCfg = Debug|Any CPU
		{26608FBF-8AD8-4A4B-83C7-B4F566F317A5}.Debug|x86.Build.0 = Debug|Any CPU
		{26608FBF-8AD8-4A4B-83C7-B4F566F317A5}.Release|Any CPU.ActiveCfg = Release|Any CPU
		{26608FBF-8AD8-4A4B-83C7-B4F566F317A5}.Release|Any CPU.Build.0 = Release|Any CPU
		{26608FBF-8AD8-4A4B-83C7-B4F566F317A5}.Release|x64.ActiveCfg = Release|Any CPU
		{26608FBF-8AD8-4A4B-83C7-B4F566F317A5}.Release|x64.Build.0 = Release|Any CPU
		{26608FBF-8AD8-4A4B-83C7-B4F566F317A5}.Release|x86.ActiveCfg = Release|Any CPU
		{26608FBF-8AD8-4A4B-83C7-B4F566F317A5}.Release|x86.Build.0 = Release|Any CPU
		{B8E3F2A1-4D5C-4E6F-8A9B-1C2D3E4F5A6B}.Debug|Any CPU.ActiveCfg = Debug|Any CPU
		{B8E3F2A1-4D5C-4E6F-8A9B-1C2D3E4F5A6B}.Debug|Any CPU.Build.0 = Debug|Any CPU
		{B8E3F2A1-4D5C-4E6F-8A9B-1C2D3E4F5A6B}.Debug|x64.ActiveCfg = Debug|Any CPU
		{B8E3F2A1-4D5C-4E6F-8A9B-1C2D3E4F5A6B}.Debug|x64.Build.0 = Debug|Any CPU
		{B8E3F2A1-4D5C-4E6F-8A9B-1C2D3E4F5A6B}.Debug|x86.ActiveCfg = Debug|Any CPU
		{B8E3F2A1-4D5C-4E6F-8A9B-1C2D3E4F5A6B}.Debug|x86.Build.0 = Debug|Any CPU
		{B8E3F2A1-4D5C-4E6F-8A9B-1C2D3E4F5A6B}.Release|Any CPU.ActiveCfg = Release|Any CPU
		{B8E3F2A1-4D5C-4E6F-8A9B-1C2D3E4F5A6B}.Release|Any CPU.Build.0 = Release|Any CPU
		{B8E3F2A1-4D5C-4E6F-8A9B-1C2D3E4F5A6B}.Release|x64.ActiveCfg = Release|Any CPU
		{B8E3F2A1-4D5C-4E6F-8A9B-1C2D3E4F5A6B}.Release|x64.Build.0 = Release|Any CPU
		{B8E3F2A1-4D5C-4E6F-8A9B-1C2D3E4F5A6B}.Release|x86.ActiveCfg = Release|Any CPU
		{B8E3F2A1-4D5C-4E6F-8A9B-1C2D3E4F5A6B}.Release|x86.Build.0 = Release|Any CPU
		{D4142D6C-39EB-4F30-9EF3-C08B4A77D082}.Debug|Any CPU.ActiveCfg = Debug|Any CPU
		{D4142D6C-39EB-4F30-9EF3-C08B4A77D082}.Debug|Any CPU.Build.0 = Debug|Any CPU
		{D4142D6C-39EB-4F30-9EF3-C08B4A77D082}.Debug|x64.ActiveCfg = Debug|Any CPU
		{D4142D6C-39EB-4F30-9EF3-C08B4A77D082}.Debug|x64.Build.0 = Debug|Any CPU
		{D4142D6C-39EB-4F30-9EF3-C08B4A77D082}.Debug|x86.ActiveCfg = Debug|Any CPU
		{D4142D6C-39EB-4F30-9EF3-C08B4A77D082}.Debug|x86.Build.0 = Debug|Any CPU
		{D4142D6C-39EB-4F30-9EF3-C08B4A77D082}.Release|Any CPU.ActiveCfg = Release|Any CPU
		{D4142D6C-39EB-4F30-9EF3-C08B4A77D082}.Release|Any CPU.Build.0 = Release|Any CPU
		{D4142D6C-39EB-4F30-9EF3-C08B4A77D082}.Release|x64.ActiveCfg = Release|Any CPU
		{D4142D6C-39EB-4F30-9EF3-C08B4A77D082}.Release|x64.Build.0 = Release|Any CPU
		{D4142D6C-39EB-4F30-9EF3-C08B4A77D082}.Release|x86.ActiveCfg = Release|Any CPU
		{D4142D6C-39EB-4F30-9EF3-C08B4A77D082}.Release|x86.Build.0 = Release|Any CPU
		{7EFEEA8E-A7A3-4C41-89C9-E9DD90C6962C}.Debug|Any CPU.ActiveCfg = Debug|Any CPU
		{7EFEEA8E-A7A3-4C41-89C9-E9DD90C6962C}.Debug|Any CPU.Build.0 = Debug|Any CPU
		{7EFEEA8E-A7A3-4C41-89C9-E9DD90C6962C}.Debug|x64.ActiveCfg = Debug|Any CPU
		{7EFEEA8E-A7A3-4C41-89C9-E9DD90C6962C}.Debug|x64.Build.0 = Debug|Any CPU
		{7EFEEA8E-A7A3-4C41-89C9-E9DD90C6962C}.Debug|x86.ActiveCfg = Debug|Any CPU
		{7EFEEA8E-A7A3-4C41-89C9-E9DD90C6962C}.Debug|x86.Build.0 = Debug|Any CPU
		{7EFEEA8E-A7A3-4C41-89C9-E9DD90C6962C}.Release|Any CPU.ActiveCfg = Release|Any CPU
		{7EFEEA8E-A7A3-4C41-89C9-E9DD90C6962C}.Release|Any CPU.Build.0 = Release|Any CPU
		{7EFEEA8E-A7A3-4C41-89C9-E9DD90C6962C}.Release|x64.ActiveCfg = Release|Any CPU
		{7EFEEA8E-A7A3-4C41-89C9-E9DD90C6962C}.Release|x64.Build.0 = Release|Any CPU
		{7EFEEA8E-A7A3-4C41-89C9-E9DD90C6962C}.Release|x86.ActiveCfg = Release|Any CPU
		{7EFEEA8E-A7A3-4C41-89C9-E9DD90C6962C}.Release|x86.Build.0 = Release|Any CPU
		{F7777134-0F9C-41B8-8BFF-9B496ADAA430}.Debug|Any CPU.ActiveCfg = Debug|Any CPU
		{F7777134-0F9C-41B8-8BFF-9B496ADAA430}.Debug|Any CPU.Build.0 = Debug|Any CPU
		{F7777134-0F9C-41B8-8BFF-9B496ADAA430}.Debug|x64.ActiveCfg = Debug|Any CPU
		{F7777134-0F9C-41B8-8BFF-9B496ADAA430}.Debug|x64.Build.0 = Debug|Any CPU
		{F7777134-0F9C-41B8-8BFF-9B496ADAA430}.Debug|x86.ActiveCfg = Debug|Any CPU
		{F7777134-0F9C-41B8-8BFF-9B496ADAA430}.Debug|x86.Build.0 = Debug|Any CPU
		{F7777134-0F9C-41B8-8BFF-9B496ADAA430}.Release|Any CPU.ActiveCfg = Release|Any CPU
		{F7777134-0F9C-41B8-8BFF-9B496ADAA430}.Release|Any CPU.Build.0 = Release|Any CPU
		{F7777134-0F9C-41B8-8BFF-9B496ADAA430}.Release|x64.ActiveCfg = Release|Any CPU
		{F7777134-0F9C-41B8-8BFF-9B496ADAA430}.Release|x64.Build.0 = Release|Any CPU
		{F7777134-0F9C-41B8-8BFF-9B496ADAA430}.Release|x86.ActiveCfg = Release|Any CPU
		{F7777134-0F9C-41B8-8BFF-9B496ADAA430}.Release|x86.Build.0 = Release|Any CPU
		{76960B2F-E7F1-40E3-B03A-29D7FF35412D}.Debug|Any CPU.ActiveCfg = Debug|Any CPU
		{76960B2F-E7F1-40E3-B03A-29D7FF35412D}.Debug|Any CPU.Build.0 = Debug|Any CPU
		{76960B2F-E7F1-40E3-B03A-29D7FF35412D}.Debug|x64.ActiveCfg = Debug|Any CPU
		{76960B2F-E7F1-40E3-B03A-29D7FF35412D}.Debug|x64.Build.0 = Debug|Any CPU
		{76960B2F-E7F1-40E3-B03A-29D7FF35412D}.Debug|x86.ActiveCfg = Debug|Any CPU
		{76960B2F-E7F1-40E3-B03A-29D7FF35412D}.Debug|x86.Build.0 = Debug|Any CPU
		{76960B2F-E7F1-40E3-B03A-29D7FF35412D}.Release|Any CPU.ActiveCfg = Release|Any CPU
		{76960B2F-E7F1-40E3-B03A-29D7FF35412D}.Release|Any CPU.Build.0 = Release|Any CPU
		{76960B2F-E7F1-40E3-B03A-29D7FF35412D}.Release|x64.ActiveCfg = Release|Any CPU
		{76960B2F-E7F1-40E3-B03A-29D7FF35412D}.Release|x64.Build.0 = Release|Any CPU
		{76960B2F-E7F1-40E3-B03A-29D7FF35412D}.Release|x86.ActiveCfg = Release|Any CPU
		{76960B2F-E7F1-40E3-B03A-29D7FF35412D}.Release|x86.Build.0 = Release|Any CPU
	EndGlobalSection
	GlobalSection(SolutionProperties) = preSolution
		HideSolutionNode = FALSE
	EndGlobalSection
	GlobalSection(NestedProjects) = preSolution
		{9C950904-D47A-491B-8E9D-9C60193A764E} = {827E0CD3-B72D-47B6-A68D-7590B98EB39B}
		{D091C8F3-2CE1-4829-B168-D4DB6DB073DB} = {827E0CD3-B72D-47B6-A68D-7590B98EB39B}
		{A24CFAC2-0539-4017-9516-C99F60BED6BB} = {827E0CD3-B72D-47B6-A68D-7590B98EB39B}
		{DC62FAB7-D0C0-4393-BBAB-A59416FBC344} = {827E0CD3-B72D-47B6-A68D-7590B98EB39B}
		{26608FBF-8AD8-4A4B-83C7-B4F566F317A5} = {827E0CD3-B72D-47B6-A68D-7590B98EB39B}
		{B8E3F2A1-4D5C-4E6F-8A9B-1C2D3E4F5A6B} = {827E0CD3-B72D-47B6-A68D-7590B98EB39B}
		{D4142D6C-39EB-4F30-9EF3-C08B4A77D082} = {827E0CD3-B72D-47B6-A68D-7590B98EB39B}
		{7EFEEA8E-A7A3-4C41-89C9-E9DD90C6962C} = {827E0CD3-B72D-47B6-A68D-7590B98EB39B}
		{F7777134-0F9C-41B8-8BFF-9B496ADAA430} = {827E0CD3-B72D-47B6-A68D-7590B98EB39B}
		{76960B2F-E7F1-40E3-B03A-29D7FF35412D} = {827E0CD3-B72D-47B6-A68D-7590B98EB39B}
	EndGlobalSection
EndGlobal
